// !$*UTF8*$!
{
	archiveVersion = 1;
	classes = {
	};
	objectVersion = 46;
	objects = {

/* Begin PBXBuildFile section */
		CE1992211BC0EB8300D7B6AF /* cave-music.mp3 in Resources */ = {isa = PBXBuildFile; fileRef = CE1992201BC0EB8300D7B6AF /* cave-music.mp3 */; settings = {ASSET_TAGS = (); }; };
		CE1992261BC0EB9000D7B6AF /* bite.wav in Resources */ = {isa = PBXBuildFile; fileRef = CE1992221BC0EB9000D7B6AF /* bite.wav */; settings = {ASSET_TAGS = (); }; };
		CE1992271BC0EB9000D7B6AF /* death.wav in Resources */ = {isa = PBXBuildFile; fileRef = CE1992231BC0EB9000D7B6AF /* death.wav */; settings = {ASSET_TAGS = (); }; };
		CE1992281BC0EB9000D7B6AF /* heart.wav in Resources */ = {isa = PBXBuildFile; fileRef = CE1992241BC0EB9000D7B6AF /* heart.wav */; settings = {ASSET_TAGS = (); }; };
		CE1992291BC0EB9000D7B6AF /* skull.wav in Resources */ = {isa = PBXBuildFile; fileRef = CE1992251BC0EB9000D7B6AF /* skull.wav */; settings = {ASSET_TAGS = (); }; };
		CE8ED1B11BB372FB00D9542F /* DragImg.swift in Sources */ = {isa = PBXBuildFile; fileRef = CE8ED1B01BB372FB00D9542F /* DragImg.swift */; settings = {ASSET_TAGS = (); }; };
		CEF610571BB22C570023B09A /* AppDelegate.swift in Sources */ = {isa = PBXBuildFile; fileRef = CEF610561BB22C570023B09A /* AppDelegate.swift */; };
		CEF610591BB22C570023B09A /* ViewController.swift in Sources */ = {isa = PBXBuildFile; fileRef = CEF610581BB22C570023B09A /* ViewController.swift */; };
		CEF6105C1BB22C570023B09A /* Main.storyboard in Resources */ = {isa = PBXBuildFile; fileRef = CEF6105A1BB22C570023B09A /* Main.storyboard */; };
		CEF6105E1BB22C570023B09A /* Assets.xcassets in Resources */ = {isa = PBXBuildFile; fileRef = CEF6105D1BB22C570023B09A /* Assets.xcassets */; };
		CEF610611BB22C570023B09A /* LaunchScreen.storyboard in Resources */ = {isa = PBXBuildFile; fileRef = CEF6105F1BB22C570023B09A /* LaunchScreen.storyboard */; };
		CEF8E0161BB463C900154EEF /* MonsterImg.swift in Sources */ = {isa = PBXBuildFile; fileRef = CEF8E0151BB463C900154EEF /* MonsterImg.swift */; settings = {ASSET_TAGS = (); }; };
/* End PBXBuildFile section */

/* Begin PBXFileReference section */
		CE1992201BC0EB8300D7B6AF /* cave-music.mp3 */ = {isa = PBXFileReference; lastKnownFileType = audio.mp3; path = "cave-music.mp3"; sourceTree = "<group>"; };
		CE1992221BC0EB9000D7B6AF /* bite.wav */ = {isa = PBXFileReference; lastKnownFileType = audio.wav; path = bite.wav; sourceTree = "<group>"; };
		CE1992231BC0EB9000D7B6AF /* death.wav */ = {isa = PBXFileReference; lastKnownFileType = audio.wav; path = death.wav; sourceTree = "<group>"; };
		CE1992241BC0EB9000D7B6AF /* heart.wav */ = {isa = PBXFileReference; lastKnownFileType = audio.wav; path = heart.wav; sourceTree = "<group>"; };
		CE1992251BC0EB9000D7B6AF /* skull.wav */ = {isa = PBXFileReference; lastKnownFileType = audio.wav; path = skull.wav; sourceTree = "<group>"; };
		CE8ED1B01BB372FB00D9542F /* DragImg.swift */ = {isa = PBXFileReference; fileEncoding = 4; lastKnownFileType = sourcecode.swift; path = DragImg.swift; sourceTree = "<group>"; };
		CEF610531BB22C570023B09A /* mylittlemonster.app */ = {isa = PBXFileReference; explicitFileType = wrapper.application; includeInIndex = 0; path = mylittlemonster.app; sourceTree = BUILT_PRODUCTS_DIR; };
		CEF610561BB22C570023B09A /* AppDelegate.swift */ = {isa = PBXFileReference; lastKnownFileType = sourcecode.swift; path = AppDelegate.swift; sourceTree = "<group>"; };
		CEF610581BB22C570023B09A /* ViewController.swift */ = {isa = PBXFileReference; lastKnownFileType = sourcecode.swift; path = ViewController.swift; sourceTree = "<group>"; };
		CEF6105B1BB22C570023B09A /* Base */ = {isa = PBXFileReference; lastKnownFileType = file.storyboard; name = Base; path = Base.lproj/Main.storyboard; sourceTree = "<group>"; };
		CEF6105D1BB22C570023B09A /* Assets.xcassets */ = {isa = PBXFileReference; lastKnownFileType = folder.assetcatalog; path = Assets.xcassets; sourceTree = "<group>"; };
		CEF610601BB22C570023B09A /* Base */ = {isa = PBXFileReference; lastKnownFileType = file.storyboard; name = Base; path = Base.lproj/LaunchScreen.storyboard; sourceTree = "<group>"; };
		CEF610621BB22C570023B09A /* Info.plist */ = {isa = PBXFileReference; lastKnownFileType = text.plist.xml; path = Info.plist; sourceTree = "<group>"; };
		CEF8E0151BB463C900154EEF /* MonsterImg.swift */ = {isa = PBXFileReference; fileEncoding = 4; lastKnownFileType = sourcecode.swift; path = MonsterImg.swift; sourceTree = "<group>"; };
/* End PBXFileReference section */

/* Begin PBXFrameworksBuildPhase section */
		CEF610501BB22C570023B09A /* Frameworks */ = {
			isa = PBXFrameworksBuildPhase;
			buildActionMask = 2147483647;
			files = (
			);
			runOnlyForDeploymentPostprocessing = 0;
		};
/* End PBXFrameworksBuildPhase section */

/* Begin PBXGroup section */
		CEF6104A1BB22C570023B09A = {
			isa = PBXGroup;
			children = (
				CEF610551BB22C570023B09A /* mylittlemonster */,
				CEF610541BB22C570023B09A /* Products */,
			);
			sourceTree = "<group>";
		};
		CEF610541BB22C570023B09A /* Products */ = {
			isa = PBXGroup;
			children = (
				CEF610531BB22C570023B09A /* mylittlemonster.app */,
			);
			name = Products;
			sourceTree = "<group>";
		};
		CEF610551BB22C570023B09A /* mylittlemonster */ = {
			isa = PBXGroup;
			children = (
				CEF610561BB22C570023B09A /* AppDelegate.swift */,
				CE1992201BC0EB8300D7B6AF /* cave-music.mp3 */,
				CEF610581BB22C570023B09A /* ViewController.swift */,
				CE1992221BC0EB9000D7B6AF /* bite.wav */,
				CE1992231BC0EB9000D7B6AF /* death.wav */,
				CE1992241BC0EB9000D7B6AF /* heart.wav */,
				CE1992251BC0EB9000D7B6AF /* skull.wav */,
				CEF6105A1BB22C570023B09A /* Main.storyboard */,
				CEF6105D1BB22C570023B09A /* Assets.xcassets */,
				CEF6105F1BB22C570023B09A /* LaunchScreen.storyboard */,
				CEF610621BB22C570023B09A /* Info.plist */,
				CE8ED1B01BB372FB00D9542F /* DragImg.swift */,
				CEF8E0151BB463C900154EEF /* MonsterImg.swift */,
			);
			path = mylittlemonster;
			sourceTree = "<group>";
		};
/* End PBXGroup section */

/* Begin PBXNativeTarget section */
		CEF610521BB22C570023B09A /* mylittlemonster */ = {
			isa = PBXNativeTarget;
			buildConfigurationList = CEF610651BB22C570023B09A /* Build configuration list for PBXNativeTarget "mylittlemonster" */;
			buildPhases = (
				CEF6104F1BB22C570023B09A /* Sources */,
				CEF610501BB22C570023B09A /* Frameworks */,
				CEF610511BB22C570023B09A /* Resources */,
			);
			buildRules = (
			);
			dependencies = (
			);
			name = mylittlemonster;
			productName = mylittlemonster;
			productReference = CEF610531BB22C570023B09A /* mylittlemonster.app */;
			productType = "com.apple.product-type.application";
		};
/* End PBXNativeTarget section */

/* Begin PBXProject section */
		CEF6104B1BB22C570023B09A /* Project object */ = {
			isa = PBXProject;
			attributes = {
				LastUpgradeCheck = 0700;
				ORGANIZATIONNAME = Jon;
				TargetAttributes = {
					CEF610521BB22C570023B09A = {
						CreatedOnToolsVersion = 7.0;
					};
				};
			};
			buildConfigurationList = CEF6104E1BB22C570023B09A /* Build configuration list for PBXProject "mylittlemonster" */;
			compatibilityVersion = "Xcode 3.2";
			developmentRegion = English;
			hasScannedForEncodings = 0;
			knownRegions = (
				en,
				Base,
			);
			mainGroup = CEF6104A1BB22C570023B09A;
			productRefGroup = CEF610541BB22C570023B09A /* Products */;
			projectDirPath = "";
			projectRoot = "";
			targets = (
				CEF610521BB22C570023B09A /* mylittlemonster */,
			);
		};
/* End PBXProject section */

/* Begin PBXResourcesBuildPhase section */
		CEF610511BB22C570023B09A /* Resources */ = {
			isa = PBXResourcesBuildPhase;
			buildActionMask = 2147483647;
			files = (
				CE1992291BC0EB9000D7B6AF /* skull.wav in Resources */,
				CE1992261BC0EB9000D7B6AF /* bite.wav in Resources */,
				CE1992271BC0EB9000D7B6AF /* death.wav in Resources */,
				CE1992281BC0EB9000D7B6AF /* heart.wav in Resources */,
				CEF610611BB22C570023B09A /* LaunchScreen.storyboard in Resources */,
				CE1992211BC0EB8300D7B6AF /* cave-music.mp3 in Resources */,
				CEF6105E1BB22C570023B09A /* Assets.xcassets in Resources */,
				CEF6105C1BB22C570023B09A /* Main.storyboard in Resources */,
			);
			runOnlyForDeploymentPostprocessing = 0;
		};
/* End PBXResourcesBuildPhase section */

/* Begin PBXSourcesBuildPhase section */
		CEF6104F1BB22C570023B09A /* Sources */ = {
			isa = PBXSourcesBuildPhase;
			buildActionMask = 2147483647;
			files = (
				CEF8E0161BB463C900154EEF /* MonsterImg.swift in Sources */,
				CE8ED1B11BB372FB00D9542F /* DragImg.swift in Sources */,
				CEF610591BB22C570023B09A /* ViewController.swift in Sources */,
				CEF610571BB22C570023B09A /* AppDelegate.swift in Sources */,
			);
			runOnlyForDeploymentPostprocessing = 0;
		};
/* End PBXSourcesBuildPhase section */

/* Begin PBXVariantGroup section */
		CEF6105A1BB22C570023B09A /* Main.storyboard */ = {
			isa = PBXVariantGroup;
			children = (
				CEF6105B1BB22C570023B09A /* Base */,
			);
			name = Main.storyboard;
			sourceTree = "<group>";
		};
		CEF6105F1BB22C570023B09A /* LaunchScreen.storyboard */ = {
			isa = PBXVariantGroup;
			children = (
				CEF610601BB22C570023B09A /* Base */,
			);
			name = LaunchScreen.storyboard;
			sourceTree = "<group>";
		};
/* End PBXVariantGroup section */

/* Begin XCBuildConfiguration section */
		CEF610631BB22C570023B09A /* Debug */ = {
			isa = XCBuildConfiguration;
			buildSettings = {
				ALWAYS_SEARCH_USER_PATHS = NO;
				CLANG_CXX_LANGUAGE_STANDARD = "gnu++0x";
				CLANG_CXX_LIBRARY = "libc++";
				CLANG_ENABLE_MODULES = YES;
				CLANG_ENABLE_OBJC_ARC = YES;
				CLANG_WARN_BOOL_CONVERSION = YES;
				CLANG_WARN_CONSTANT_CONVERSION = YES;
				CLANG_WARN_DIRECT_OBJC_ISA_USAGE = YES_ERROR;
				CLANG_WARN_EMPTY_BODY = YES;
				CLANG_WARN_ENUM_CONVERSION = YES;
				CLANG_WARN_INT_CONVERSION = YES;
				CLANG_WARN_OBJC_ROOT_CLASS = YES_ERROR;
				CLANG_WARN_UNREACHABLE_CODE = YES;
				CLANG_WARN__DUPLICATE_METHOD_MATCH = YES;
				"CODE_SIGN_IDENTITY[sdk=iphoneos*]" = "iPhone Developer";
				COPY_PHASE_STRIP = NO;
				DEBUG_INFORMATION_FORMAT = dwarf;
				ENABLE_STRICT_OBJC_MSGSEND = YES;
				ENABLE_TESTABILITY = YES;
				GCC_C_LANGUAGE_STANDARD = gnu99;
				GCC_DYNAMIC_NO_PIC = NO;
				GCC_NO_COMMON_BLOCKS = YES;
				GCC_OPTIMIZATION_LEVEL = 0;
				GCC_PREPROCESSOR_DEFINITIONS = (
					"DEBUG=1",
					"$(inherited)",
				);
				GCC_WARN_64_TO_32_BIT_CONVERSION = YES;
				GCC_WARN_ABOUT_RETURN_TYPE = YES_ERROR;
				GCC_WARN_UNDECLARED_SELECTOR = YES;
				GCC_WARN_UNINITIALIZED_AUTOS = YES_AGGRESSIVE;
				GCC_WARN_UNUSED_FUNCTION = YES;
				GCC_WARN_UNUSED_VARIABLE = YES;
				IPHONEOS_DEPLOYMENT_TARGET = 9.0;
				MTL_ENABLE_DEBUG_INFO = YES;
				ONLY_ACTIVE_ARCH = YES;
				SDKROOT = iphoneos;
				SWIFT_OPTIMIZATION_LEVEL = "-Onone";
				TARGETED_DEVICE_FAMILY = "1,2";
			};
			name = Debug;
		};
		CEF610641BB22C570023B09A /* Release */ = {
			isa = XCBuildConfiguration;
			buildSettings = {
				ALWAYS_SEARCH_USER_PATHS = NO;
				CLANG_CXX_LANGUAGE_STANDARD = "gnu++0x";
				CLANG_CXX_LIBRARY = "libc++";
				CLANG_ENABLE_MODULES = YES;
				CLANG_ENABLE_OBJC_ARC = YES;
				CLANG_WARN_BOOL_CONVERSION = YES;
				CLANG_WARN_CONSTANT_CONVERSION = YES;
				CLANG_WARN_DIRECT_OBJC_ISA_USAGE = YES_ERROR;
				CLANG_WARN_EMPTY_BODY = YES;
				CLANG_WARN_ENUM_CONVERSION = YES;
				CLANG_WARN_INT_CONVERSION = YES;
				CLANG_WARN_OBJC_ROOT_CLASS = YES_ERROR;
				CLANG_WARN_UNREACHABLE_CODE = YES;
				CLANG_WARN__DUPLICATE_METHOD_MATCH = YES;
				"CODE_SIGN_IDENTITY[sdk=iphoneos*]" = "iPhone Developer";
				COPY_PHASE_STRIP = NO;
				DEBUG_INFORMATION_FORMAT = "dwarf-with-dsym";
				ENABLE_NS_ASSERTIONS = NO;
				ENABLE_STRICT_OBJC_MSGSEND = YES;
				GCC_C_LANGUAGE_STANDARD = gnu99;
				GCC_NO_COMMON_BLOCKS = YES;
				GCC_WARN_64_TO_32_BIT_CONVERSION = YES;
				GCC_WARN_ABOUT_RETURN_TYPE = YES_ERROR;
				GCC_WARN_UNDECLARED_SELECTOR = YES;
				GCC_WARN_UNINITIALIZED_AUTOS = YES_AGGRESSIVE;
				GCC_WARN_UNUSED_FUNCTION = YES;
				GCC_WARN_UNUSED_VARIABLE = YES;
				IPHONEOS_DEPLOYMENT_TARGET = 9.0;
				MTL_ENABLE_DEBUG_INFO = NO;
				SDKROOT = iphoneos;
				TARGETED_DEVICE_FAMILY = "1,2";
				VALIDATE_PRODUCT = YES;
			};
			name = Release;
		};
		CEF610661BB22C570023B09A /* Debug */ = {
			isa = XCBuildConfiguration;
			buildSettings = {
				ASSETCATALOG_COMPILER_APPICON_NAME = AppIcon;
				INFOPLIST_FILE = mylittlemonster/Info.plist;
				LD_RUNPATH_SEARCH_PATHS = "$(inherited) @executable_path/Frameworks";
				PRODUCT_BUNDLE_IDENTIFIER = com.codervox.mylittlemonster;
				PRODUCT_NAME = "$(TARGET_NAME)";
			};
			name = Debug;
		};
		CEF610671BB22C570023B09A /* Release */ = {
			isa = XCBuildConfiguration;
			buildSettings = {
				ASSETCATALOG_COMPILER_APPICON_NAME = AppIcon;
				INFOPLIST_FILE = mylittlemonster/Info.plist;
				LD_RUNPATH_SEARCH_PATHS = "$(inherited) @executable_path/Frameworks";
				PRODUCT_BUNDLE_IDENTIFIER = com.codervox.mylittlemonster;
				PRODUCT_NAME = "$(TARGET_NAME)";
			};
			name = Release;
		};
/* End XCBuildConfiguration section */

/* Begin XCConfigurationList section */
		CEF6104E1BB22C570023B09A /* Build configuration list for PBXProject "mylittlemonster" */ = {
			isa = XCConfigurationList;
			buildConfigurations = (
				CEF610631BB22C570023B09A /* Debug */,
				CEF610641BB22C570023B09A /* Release */,
			);
			defaultConfigurationIsVisible = 0;
			defaultConfigurationName = Release;
		};
		CEF610651BB22C570023B09A /* Build configuration list for PBXNativeTarget "mylittlemonster" */ = {
			isa = XCConfigurationList;
			buildConfigurations = (
				CEF610661BB22C570023B09A /* Debug */,
				CEF610671BB22C570023B09A /* Release */,
			);
			defaultConfigurationIsVisible = 0;
			defaultConfigurationName = Release;
		};
/* End XCConfigurationList section */
	};
	rootObject = CEF6104B1BB22C570023B09A /* Project object */;
}
